Microsoft Visual Studio Solution File, Format Version 11.00
# Visual Studio 2008

Project("{E71270DE-32B1-BF6E-AB33-0D74BC87A4E0}") = "gabriel-holo-client", "Assembly-CSharp.csproj", "{218481F6-54E1-C828-9379-19008560ED9B}"
EndProject
Project("{E71270DE-32B1-BF6E-AB33-0D74BC87A4E0}") = "gabriel-holo-client", "Assembly-CSharp-Editor.csproj", "{B994C5B8-3F13-918D-E922-6516476EBFC9}"
EndProject
Global
	GlobalSection(SolutionConfigurationPlatforms) = preSolution
		Debug|Any CPU = Debug|Any CPU
		Release|Any CPU = Release|Any CPU
	EndGlobalSection
	GlobalSection(ProjectConfigurationPlatforms) = postSolution
		{218481F6-54E1-C828-9379-19008560ED9B}.Debug|Any CPU.ActiveCfg = Debug|Any CPU
		{218481F6-54E1-C828-9379-19008560ED9B}.Debug|Any CPU.Build.0 = Debug|Any CPU
		{218481F6-54E1-C828-9379-19008560ED9B}.Release|Any CPU.ActiveCfg = Release|Any CPU
		{218481F6-54E1-C828-9379-19008560ED9B}.Release|Any CPU.Build.0 = Release|Any CPU
		{B994C5B8-3F13-918D-E922-6516476EBFC9}.Debug|Any CPU.ActiveCfg = Debug|Any CPU
		{B994C5B8-3F13-918D-E922-6516476EBFC9}.Debug|Any CPU.Build.0 = Debug|Any CPU
		{B994C5B8-3F13-918D-E922-6516476EBFC9}.Release|Any CPU.ActiveCfg = Release|Any CPU
		{B994C5B8-3F13-918D-E922-6516476EBFC9}.Release|Any CPU.Build.0 = Release|Any CPU
	EndGlobalSection
	GlobalSection(SolutionProperties) = preSolution
		HideSolutionNode = FALSE
	EndGlobalSection
	GlobalSection(MonoDevelopProperties) = preSolution
		StartupItem = Assembly-CSharp.csproj
	EndGlobalSection
EndGlobal
